# THIS IS AN AUTOGENERATED FILE. DO NOT EDIT THIS FILE DIRECTLY.
# yarn lockfile v1


"@puppeteer/browsers@3.2.2":
  version "3.2.2"
  resolved "https://registry.npmjs.org/@puppeteer/browsers/-/browsers-3.2.2.tgz"
  integrity sha512-q2BU4YfO9h/Wt7IcWPcggpOOqLk2Tbs1hDwolvKZrweRjy751OJBKMN9zO5bfD0pzU7X/tvKw/exQds4pM/LOg==
  dependencies:
    modern-tar "^0.8.4"
    yargs "^18.0.0"

ansi-regex@^6.2.2:
  version "6.3.0"
  resolved "https://registry.npmjs.org/ansi-regex/-/ansi-regex-6.3.0.tgz"
  integrity sha512-WpDfL7NO6j7tH88IDBNVdUJxDh9nmCteAVW9dsep846XdwF4naCBK+/tGLX3KJgcpgMRXCFlTM2hKGoK9FsdrQ==

ansi-styles@^6.2.1:
  version "6.2.3"
  resolved "https://registry.npmjs.org/ansi-styles/-/ansi-styles-6.2.3.tgz"
  integrity sha512-4Dj6M28JB+oAH8kFkTLUo+a2jwOFkuqb3yucU0CANcRRUbxS0cP0nZYCGjcc3BNXwRIsUVmDGgzawme7zvJHvg==

autoprefixer@^10.3.1:
  version "10.3.1"
  resolved "https://registry.npmjs.org/autoprefixer/-/autoprefixer-10.3.1.tgz"
  integrity sha512-L8AmtKzdiRyYg7BUXJTzigmhbQRCXFKz6SA1Lqo0+AR2FBbQ4aTAPFSDlOutnFkjhiz8my4agGXog1xlMjPJ6A==
  dependencies:
    browserslist "^4.16.6"
    caniuse-lite "^1.0.30001243"
    colorette "^1.2.2"
    fraction.js "^4.1.1"
    normalize-range "^0.1.2"
    postcss-value-parser "^4.1.0"

browserslist@^4.16.6:
  version "4.16.6"
  resolved "https://registry.npmjs.org/browserslist/-/browserslist-4.16.6.tgz"
  integrity sha512-Wspk/PqO+4W9qp5iUTJsa1B/QrYn1keNCcEP5OvP7WBwT4KaDly0uONYmC6Xa3Z5IqnUgS0KcgLYu1l74x0ZXQ==
  dependencies:
    caniuse-lite "^1.0.30001219"
    colorette "^1.2.2"
    electron-to-chromium "^1.3.723"
    escalade "^3.1.1"
    node-releases "^1.1.71"

caniuse-lite@^1.0.30001219, caniuse-lite@^1.0.30001243:
  version "1.0.30001245"
  resolved "https://registry.npmjs.org/caniuse-lite/-/caniuse-lite-1.0.30001245.tgz"
  integrity sha512-768fM9j1PKXpOCKws6eTo3RHmvTUsG9UrpT4WoREFeZgJBTi4/X9g565azS/rVUGtqb8nt7FjLeF5u4kukERnA==

chromium-bidi@17.0.2:
  version "17.0.2"
  resolved "https://registry.npmjs.org/chromium-bidi/-/chromium-bidi-17.0.2.tgz"
  integrity sha512-5v9GQFhTktFvotn/OFNJBmKLKRAb6n9r0bVCwf7sHgWc3/JryK0bj1nn93L3pHFrfgcsu6Be6EWsDi+1XHTGDg==
  dependencies:
    mitt "^3.0.1"
    zod "^3.24.1"

cliui@^9.0.1:
  version "9.0.1"
  resolved "https://registry.npmjs.org/cliui/-/cliui-9.0.1.tgz"
  integrity sha512-k7ndgKhwoQveBL+/1tqGJYNz097I7WOvwbmmU2AR5+magtbjPWQTS1C5vzGkBC8Ym8UWRzfKUzUUqFLypY4Q+w==
  dependencies:
    string-width "^7.2.0"
    strip-ansi "^7.1.0"
    wrap-ansi "^9.0.0"

colorette@^1.2.2:
  version "1.2.2"
  resolved "https://registry.npmjs.org/colorette/-/colorette-1.2.2.tgz"
  integrity sha512-MKGMzyfeuutC/ZJ1cba9NqcNpfeqMUcYmyF1ZFY6/Cn7CNSAKx6a+s48sqLqyAiZuaP2TcqMhoo+dlwFnVxT9w==

devtools-protocol@*, devtools-protocol@0.0.1680125:
  version "0.0.1680125"
  resolved "https://registry.npmjs.org/devtools-protocol/-/devtools-protocol-0.0.1680125.tgz"
  integrity sha512-rVARKAvOFJCFkvgX01VLvYqKIvt+cRCqvUxIhB2oAqVGPalxk3w3sb5TUGDagpow/EFblBpm/Zl/29QA2dd+jA==

electron-to-chromium@^1.3.723:
  version "1.3.775"
  resolved "https://registry.npmjs.org/electron-to-chromium/-/electron-to-chromium-1.3.775.tgz"
  integrity sha512-EGuiJW4yBPOTj2NtWGZcX93ZE8IGj33HJAx4d3ouE2zOfW2trbWU+t1e0yzLr1qQIw81++txbM3BH52QwSRE6Q==

emoji-regex@^10.3.0:
  version "10.6.0"
  resolved "https://registry.npmjs.org/emoji-regex/-/emoji-regex-10.6.0.tgz"
  integrity sha512-toUI84YS5YmxW219erniWD0CIVOo46xGKColeNQRgOzDorgBi1v4D71/OFzgD9GO2UGKIv1C3Sp8DAn0+j5w7A==

escalade@^3.1.1:
  version "3.1.1"
  resolved "https://registry.npmjs.org/escalade/-/escalade-3.1.1.tgz"
  integrity sha512-k0er2gUkLf8O0zKJiAhmkTnJlTvINGv7ygDNPbeIsX/TJjGJZHuh9B2UxbsaEkmlEo9MfhrSzmhIlhRlI2GXnw==

fraction.js@^4.1.1:
  version "4.1.1"
  resolved "https://registry.npmjs.org/fraction.js/-/fraction.js-4.1.1.tgz"
  integrity sha512-MHOhvvxHTfRFpF1geTK9czMIZ6xclsEor2wkIGYYq+PxcQqT7vStJqjhe6S1TenZrMZzo+wlqOufBDVepUEgPg==

get-caller-file@^2.0.5:
  version "2.0.5"
  resolved "https://registry.npmjs.org/get-caller-file/-/get-caller-file-2.0.5.tgz"
  integrity sha512-DyFP3BM/3YHTQOCUL/w0OZHR0lpKeGrxotcHWcqNEdnltqFwXVfhEBQ94eIo34AfQpo0rGki4cyIiftY06h2Fg==

get-east-asian-width@^1.0.0, get-east-asian-width@^1.5.0:
  version "1.6.0"
  resolved "https://registry.npmjs.org/get-east-asian-width/-/get-east-asian-width-1.6.0.tgz"
  integrity sha512-QRbvDIbx6YklUe6RxeTeleMR0yv3cYH6PsPZHcnVn7xv7zO1BHN8r0XETu8n6Ye3Q+ahtSarc3WgtNWmehIBfA==

lilconfig@^3.1.3:
  version "3.1.3"
  resolved "https://registry.npmjs.org/lilconfig/-/lilconfig-3.1.3.tgz"
  integrity sha512-/vlFKAoH5Cgt3Ie+JLhRbwOsCQePABiU3tJ1egGvyQ+33R/vcwM2Zl2QR/LzjsBeItPt3oSVXapn+m4nQDvpzw==

mitt@^3.0.1:
  version "3.0.1"
  resolved "https://registry.npmjs.org/mitt/-/mitt-3.0.1.tgz"
  integrity sha512-vKivATfr97l2/QBCYAkXYDbrIWPM2IIKEl7YPhjCvKlG3kE2gm+uBo6nEXK3M5/Ffh/FLpKExzOQ3JJoJGFKBw==

modern-tar@^0.8.4:
  version "0.8.5"
  resolved "https://registry.npmjs.org/modern-tar/-/modern-tar-0.8.5.tgz"
  integrity sha512-snEhs+6G5Tjd4I7tLCDOaoln2RgE0bD19RzEKgvgK2hZ5VKy3MpLhLTZ2fWpXSTg4K2cyPwp+VHATFJhxfnOeA==

nanoid@^3.1.23:
  version "3.1.23"
  resolved "https://registry.npmjs.org/nanoid/-/nanoid-3.1.23.tgz"
  integrity sha512-FiB0kzdP0FFVGDKlRLEQ1BgDzU87dy5NnzjeW9YZNt+/c3+q82EQDUwniSAUxp/F0gFNI1ZhKU1FqYsMuqZVnw==

node-releases@^1.1.71:
  version "1.1.73"
  resolved "https://registry.npmjs.org/node-releases/-/node-releases-1.1.73.tgz"
  integrity sha512-uW7fodD6pyW2FZNZnp/Z3hvWKeEW1Y8R1+1CnErE8cXFXzl5blBOoVB41CvMer6P6Q0S5FXDwcHgFd1Wj0U9zg==

normalize-range@^0.1.2:
  version "0.1.2"
  resolved "https://registry.npmjs.org/normalize-range/-/normalize-range-0.1.2.tgz"
  integrity sha1-LRDAa9/TEuqXd2laTShDlFa3WUI= sha512-bdok/XvKII3nUpklnV6P2hxtMNrCboOjAcyBuQnWEhO665FwrSNRxU+AqpsyvO6LgGYPspN+lu5CLtw4jPRKNA==

postcss-value-parser@^4.1.0:
  version "4.1.0"
  resolved "https://registry.npmjs.org/postcss-value-parser/-/postcss-value-parser-4.1.0.tgz"
  integrity sha512-97DXOFbQJhk71ne5/Mt6cOu6yxsSfM0QGQyl0L25Gca4yGWEGJaig7l7gbCX623VqTBNGLRLaVUCnNkcedlRSQ==

postcss@^8.1.0, postcss@^8.3.5:
  version "8.3.5"
  resolved "https://registry.npmjs.org/postcss/-/postcss-8.3.5.tgz"
  integrity sha512-NxTuJocUhYGsMiMFHDUkmjSKT3EdH4/WbGF6GCi1NDGk+vbcUTun4fpbOqaPtD8IIsztA2ilZm2DhYCuyN58gA==
  dependencies:
    colorette "^1.2.2"
    nanoid "^3.1.23"
    source-map-js "^0.6.2"

puppeteer-core@25.11.0:
  version "25.11.0"
  resolved "https://registry.npmjs.org/puppeteer-core/-/puppeteer-core-25.11.0.tgz"
  integrity sha512-Ujym7JbxoAqanaxGcHgmTomfhC01HfDCSuGZ8Hs9boHrDjzbNVMnFRJo2KtbDT9LCRgeJoFnkn9JQZ41eEUrLw==
  dependencies:
    "@puppeteer/browsers" "3.2.2"
    chromium-bidi "17.0.2"
    devtools-protocol "0.0.1680125"
    typed-query-selector "^2.12.2"
    webdriver-bidi-protocol "0.4.3"
    ws "^8.21.3"

puppeteer@^25.11.0:
  version "25.11.0"
  resolved "https://registry.npmjs.org/puppeteer/-/puppeteer-25.11.0.tgz"
  integrity sha512-n+psxZFH/qlJ3gwTZMxTLUZoE98FAOEjT/BSxHXvPmNCGAfN/kq0UnIZ8m9RB4rAVvJr7zRHUnKKg98GLMUyyQ==
  dependencies:
    "@puppeteer/browsers" "3.2.2"
    chromium-bidi "17.0.2"
    devtools-protocol "0.0.1680125"
    lilconfig "^3.1.3"
    puppeteer-core "25.11.0"
    typed-query-selector "^2.12.2"

source-map-js@^0.6.2:
  version "0.6.2"
  resolved "https://registry.npmjs.org/source-map-js/-/source-map-js-0.6.2.tgz"
  integrity sha512-/3GptzWzu0+0MBQFrDKzw/DvvMTUORvgY6k6jd/VS6iCR4RDTKWH6v6WPwQoUO8667uQEf9Oe38DxAYWY5F/Ug==

string-width@^7.0.0:
  version "7.2.0"
  resolved "https://registry.npmjs.org/string-width/-/string-width-7.2.0.tgz"
  integrity sha512-tsaTIkKW9b4N+AEj+SVA+WhJzV7/zMhcSu78mLKWSk7cXMOSHsBKFWUs0fWwq8QyK3MgJBQRX6Gbi4kYbdvGkQ==
  dependencies:
    emoji-regex "^10.3.0"
    get-east-asian-width "^1.0.0"
    strip-ansi "^7.1.0"

string-width@^7.2.0:
  version "7.2.0"
  resolved "https://registry.npmjs.org/string-width/-/string-width-7.2.0.tgz"
  integrity sha512-tsaTIkKW9b4N+AEj+SVA+WhJzV7/zMhcSu78mLKWSk7cXMOSHsBKFWUs0fWwq8QyK3MgJBQRX6Gbi4kYbdvGkQ==
  dependencies:
    emoji-regex "^10.3.0"
    get-east-asian-width "^1.0.0"
    strip-ansi "^7.1.0"

string-width@^8.2.1:
  version "8.2.2"
  resolved "https://registry.npmjs.org/string-width/-/string-width-8.2.2.tgz"
  integrity sha512-GaPUh5gfdrYzqeVNZvUfT23vYYxXzKYidUcnMtJg/3rxRV63EFZy3k6xfKlmfeJD0176lnUV/Usr3XcwSvFzpg==
  dependencies:
    get-east-asian-width "^1.5.0"
    strip-ansi "^7.1.2"

strip-ansi@^7.1.0, strip-ansi@^7.1.2:
  version "7.2.0"
  resolved "https://registry.npmjs.org/strip-ansi/-/strip-ansi-7.2.0.tgz"
  integrity sha512-yDPMNjp4WyfYBkHnjIRLfca1i6KMyGCtsVgoKe/z1+6vukgaENdgGBZt+ZmKPc4gavvEZ5OgHfHdrazhgNyG7w==
  dependencies:
    ansi-regex "^6.2.2"

tailwindcss@^4.2:
  version "4.2.2"
  resolved "https://registry.npmjs.org/tailwindcss/-/tailwindcss-4.2.2.tgz"
  integrity sha512-KWBIxs1Xb6NoLdMVqhbhgwZf2PGBpPEiwOqgI4pFIYbNTfBXiKYyWoTsXgBQ9WFg/OlhnvHaY+AEpW7wSmFo2Q==

typed-query-selector@^2.12.2:
  version "2.12.2"
  resolved "https://registry.npmjs.org/typed-query-selector/-/typed-query-selector-2.12.2.tgz"
  integrity sha512-EOPFbyIub4ngnEdqi2yOcNeDLaX/0jcE1JoAXQDDMIthap7FoN795lc/SHfIq2d416VufXpM8z/lD+WRm2gfOQ==

webdriver-bidi-protocol@0.4.3:
  version "0.4.3"
  resolved "https://registry.npmjs.org/webdriver-bidi-protocol/-/webdriver-bidi-protocol-0.4.3.tgz"
  integrity sha512-uuN0goWfxP22B7J/uAgBpOYNPttC+XVseYE+rSY5+rQ+YBeVz/VORw8WbmLVcqW78zNg5A4qnjNXYUWR3il2ig==

wrap-ansi@^9.0.0:
  version "9.0.2"
  resolved "https://registry.npmjs.org/wrap-ansi/-/wrap-ansi-9.0.2.tgz"
  integrity sha512-42AtmgqjV+X1VpdOfyTGOYRi0/zsoLqtXQckTmqTeybT+BDIbM/Guxo7x3pE2vtpr1ok6xRqM9OpBe+Jyoqyww==
  dependencies:
    ansi-styles "^6.2.1"
    string-width "^7.0.0"
    strip-ansi "^7.1.0"

ws@^8.21.3:
  version "8.21.3"
  resolved "https://registry.npmjs.org/ws/-/ws-8.21.3.tgz"
  integrity sha512-201TZ/kPWxoPr/OKWjquZR1SWKXcvxdH+e1xrx89b3YbmzLMFCLfnaG1HFIgWzJOEWZ7MvpK++odZufgYR50Rw==

y18n@^5.0.5:
  version "5.0.8"
  resolved "https://registry.npmjs.org/y18n/-/y18n-5.0.8.tgz"
  integrity sha512-0pfFzegeDWJHJIAmTLRP2DwHjdF5s7jo9tuztdQxAhINCdvS+3nGINqPd00AphqJR/0LhANUS6/+7SCb98YOfA==

yargs-parser@^22.0.0:
  version "22.0.0"
  resolved "https://registry.npmjs.org/yargs-parser/-/yargs-parser-22.0.0.tgz"
  integrity sha512-rwu/ClNdSMpkSrUb+d6BRsSkLUq1fmfsY6TOpYzTwvwkg1/NRG85KBy3kq++A8LKQwX6lsu+aWad+2khvuXrqw==

yargs@^18.0.0:
  version "18.1.0"
  resolved "https://registry.npmjs.org/yargs/-/yargs-18.1.0.tgz"
  integrity sha512-2rAgRKu54VsHkqI0/tYkmluGXHD4KW7yZoycuqDQ15QOTnc2VVfy0nN/1eMhnQLO00A+dwtK20xuCnc1YGeUyg==
  dependencies:
    cliui "^9.0.1"
    escalade "^3.1.1"
    get-caller-file "^2.0.5"
    string-width "^8.2.1"
    y18n "^5.0.5"
    yargs-parser "^22.0.0"

zod@^3.24.1:
  version "3.25.76"
  resolved "https://registry.npmjs.org/zod/-/zod-3.25.76.tgz"
  integrity sha512-gzUt/qt81nXsFGKIFcC3YnfEAx5NkunCfnDlvuBSSFS02bcXu4Lmea0AFIUwbLWxWPx3d9p8S5QoaujKcNQxcQ==
